
Microsoft Visual Studio Solution File, Format Version 12.00
# Visual Studio Version 16
VisualStudioVersion = 16.0.29911.84
MinimumVisualStudioVersion = 10.0.40219.1
Project("{151D2E53-A2C4-4D7D-83FE-D05416EBD58E}") = "AMR-Storage", "AMR-Storage\AMR-Storage.deployproj", "{2983127C-6FA6-4437-AA50-2284D48DBCE1}"
EndProject
Global
	GlobalSection(SolutionConfigurationPlatforms) = preSolution
		Debug|Any CPU = Debug|Any CPU
		Release|Any CPU = Release|Any CPU
	EndGlobalSection
	GlobalSection(ProjectConfigurationPlatforms) = postSolution
		{2983127C-6FA6-4437-AA50-2284D48DBCE1}.Debug|Any CPU.ActiveCfg = Debug|Any CPU
		{2983127C-6FA6-4437-AA50-2284D48DBCE1}.Debug|Any CPU.Build.0 = Debug|Any CPU
		{2983127C-6FA6-4437-AA50-2284D48DBCE1}.Release|Any CPU.ActiveCfg = Release|Any CPU
		{2983127C-6FA6-4437-AA50-2284D48DBCE1}.Release|Any CPU.Build.0 = Release|Any CPU
	EndGlobalSection
	GlobalSection(SolutionProperties) = preSolution
		HideSolutionNode = FALSE
	EndGlobalSection
	GlobalSection(ExtensibilityGlobals) = postSolution
		SolutionGuid = {A259B1E9-6F31-45AD-868F-508DD3126CED}
	EndGlobalSection
EndGlobal
